
Microsoft Visual Studio Solution File, Format Version 12.00
# Visual Studio Version 17
VisualStudioVersion = 17.5.002.0
MinimumVisualStudioVersion = 10.0.40219.1
Project("{9A19103F-16F7-4668-BE54-9A1E7A4F7556}") = "servidor", "servidor.csproj", "{E16D6BEB-EB71-41E4-BAC2-205F40AA1E65}"
EndProject
Global
	GlobalSection(SolutionConfigurationPlatforms) = preSolution
		Debug|Any CPU = Debug|Any CPU
		Release|Any CPU = Release|Any CPU
	EndGlobalSection
	GlobalSection(ProjectConfigurationPlatforms) = postSolution
		{E16D6BEB-EB71-41E4-BAC2-205F40AA1E65}.Debug|Any CPU.ActiveCfg = Debug|Any CPU
		{E16D6BEB-EB71-41E4-BAC2-205F40AA1E65}.Debug|Any CPU.Build.0 = Debug|Any CPU
		{E16D6BEB-EB71-41E4-BAC2-205F40AA1E65}.Release|Any CPU.ActiveCfg = Release|Any CPU
		{E16D6BEB-EB71-41E4-BAC2-205F40AA1E65}.Release|Any CPU.Build.0 = Release|Any CPU
	EndGlobalSection
	GlobalSection(SolutionProperties) = preSolution
		HideSolutionNode = FALSE
	EndGlobalSection
	GlobalSection(ExtensibilityGlobals) = postSolution
		SolutionGuid = {C2A3D8EE-EE4F-489F-B122-833D9D4DC425}
	EndGlobalSection
EndGlobal
